
Microsoft Visual Studio Solution File, Format Version 12.00
# Visual Studio 15
VisualStudioVersion = 15.0.27130.0
MinimumVisualStudioVersion = 10.0.40219.1
Project("{FAE04EC0-301F-11D3-BF4B-00C04F79EFBC}") = "Repositories", "Repositories\Repositories.csproj", "{2C2FE203-F5A0-427B-A5D3-39B63FC30D5A}"
EndProject
Project("{FAE04EC0-301F-11D3-BF4B-00C04F79EFBC}") = "Repository.Tests", "Repository.Tests\Repository.Tests.csproj", "{3F868512-5652-4895-90CB-E2BE2F826019}"
EndProject
Global
	GlobalSection(SolutionConfigurationPlatforms) = preSolution
		Debug|Any CPU = Debug|Any CPU
		Release|Any CPU = Release|Any CPU
	EndGlobalSection
	GlobalSection(ProjectConfigurationPlatforms) = postSolution
		{2C2FE203-F5A0-427B-A5D3-39B63FC30D5A}.Debug|Any CPU.ActiveCfg = Debug|Any CPU
		{2C2FE203-F5A0-427B-A5D3-39B63FC30D5A}.Debug|Any CPU.Build.0 = Debug|Any CPU
		{2C2FE203-F5A0-427B-A5D3-39B63FC30D5A}.Release|Any CPU.ActiveCfg = Release|Any CPU
		{2C2FE203-F5A0-427B-A5D3-39B63FC30D5A}.Release|Any CPU.Build.0 = Release|Any CPU
		{3F868512-5652-4895-90CB-E2BE2F826019}.Debug|Any CPU.ActiveCfg = Debug|Any CPU
		{3F868512-5652-4895-90CB-E2BE2F826019}.Debug|Any CPU.Build.0 = Debug|Any CPU
		{3F868512-5652-4895-90CB-E2BE2F826019}.Release|Any CPU.ActiveCfg = Release|Any CPU
		{3F868512-5652-4895-90CB-E2BE2F826019}.Release|Any CPU.Build.0 = Release|Any CPU
	EndGlobalSection
	GlobalSection(SolutionProperties) = preSolution
		HideSolutionNode = FALSE
	EndGlobalSection
	GlobalSection(ExtensibilityGlobals) = postSolution
		SolutionGuid = {D4285528-89EA-4664-8217-64C29E1E7B84}
	EndGlobalSection
EndGlobal
